hash: 9df28296241234221c3d509429b6a179fd3a86e1c192621975c92424ced11d3b
updated: 2017-11-07T16:15:49.245193+08:00
imports:
- name: github.com/gin-gonic/gin
  version: 6653d5d588740eb73d2245ef04d5a407d3c3f034
- name: github.com/gorilla/context
  version: 08b5f424b9271eedf6f9f0ce86cb9396ed337a42
- name: github.com/gorilla/mux
  version: 7625a85c14e615274a4ee4bc8654f72310a563e4
- name: github.com/inconshreveable/mousetrap
  version: 76626ae9c91c4f2a10f34cad8ce83ea42c93bb75
- name: github.com/json-iterator/go
  version: aed5a81f09330b8d254a117fb853e2f886f1cb3b
- name: github.com/pkg/errors
  version: f15c970de5b76fac0b59abb32d62c17cc7bed265
- name: github.com/spf13/cobra
  version: 7b2c5ac9fc04fc5efafb60700713d4fa609b777b
- name: github.com/spf13/pflag
  version: a9789e855c7696159b7db0db7f440b449edf2b31
- name: golang.org/x/sys
  version: d4266bc12aae0b4128952c889b769442fce5d2f1
  repo: https://github.com/golang/sys
- name: gopkg.in/go-playground/validator.v8
  version: 5f1438d3fca68893a817e4a66806cea46a9e4ebf
  repo: https://github.com/go-playground/validator
- name: gopkg.in/yaml.v2
  version: eb3733d160e74a9c7e442f435eb3bea458e1d19f
  repo: https://github.com/go-yaml/yaml
testImports: []
